
Microsoft Visual Studio Solution File, Format Version 12.00
# Visual Studio Version 17
VisualStudioVersion = 17.5.002.0
MinimumVisualStudioVersion = 10.0.40219.1
Project("{9A19103F-16F7-4668-BE54-9A1E7A4F7556}") = "DesafioPOO", "DesafioPOO.csproj", "{BE520174-4313-4CCA-877F-DF70A20059D8}"
EndProject
Global
	GlobalSection(SolutionConfigurationPlatforms) = preSolution
		Debug|Any CPU = Debug|Any CPU
		Release|Any CPU = Release|Any CPU
	EndGlobalSection
	GlobalSection(ProjectConfigurationPlatforms) = postSolution
		{BE520174-4313-4CCA-877F-DF70A20059D8}.Debug|Any CPU.ActiveCfg = Debug|Any CPU
		{BE520174-4313-4CCA-877F-DF70A20059D8}.Debug|Any CPU.Build.0 = Debug|Any CPU
		{BE520174-4313-4CCA-877F-DF70A20059D8}.Release|Any CPU.ActiveCfg = Release|Any CPU
		{BE520174-4313-4CCA-877F-DF70A20059D8}.Release|Any CPU.Build.0 = Release|Any CPU
	EndGlobalSection
	GlobalSection(SolutionProperties) = preSolution
		HideSolutionNode = FALSE
	EndGlobalSection
	GlobalSection(ExtensibilityGlobals) = postSolution
		SolutionGuid = {6F8E8BD9-2752-4440-9810-7E130BCFEFD8}
	EndGlobalSection
EndGlobal
